
Microsoft Visual Studio Solution File, Format Version 12.00
# Visual Studio Version 16
VisualStudioVersion = 16.0.29613.14
MinimumVisualStudioVersion = 10.0.40219.1
Project("{9A19103F-16F7-4668-BE54-9A1E7A4F7556}") = "ExtraUtils.Randomizer", "ExtraUtils.Randomizer\ExtraUtils.Randomizer.csproj", "{3DD921BC-99D4-496A-B508-265F39DF0156}"
EndProject
Project("{9A19103F-16F7-4668-BE54-9A1E7A4F7556}") = "ExtraUtils.Randomizer.Benchmark", "ExtraUtils.Randomizer.Benchmark\ExtraUtils.Randomizer.Benchmark.csproj", "{560DC2B8-2B58-4D9B-8798-DBA56E99A1ED}"
EndProject
Project("{2150E333-8FDC-42A3-9474-1A3956D46DE8}") = "Solution Items", "Solution Items", "{7E36C197-1693-4D31-B99D-749260F2A263}"
	ProjectSection(SolutionItems) = preProject
		README.md = README.md
	EndProjectSection
EndProject
Project("{FAE04EC0-301F-11D3-BF4B-00C04F79EFBC}") = "ExtraUtils.RandomizerTests", "ExtraUtils.RandomizerTests\ExtraUtils.RandomizerTests.csproj", "{6F0D63B8-5BFC-4787-8857-451AF064C289}"
EndProject
Global
	GlobalSection(SolutionConfigurationPlatforms) = preSolution
		Debug|Any CPU = Debug|Any CPU
		Release|Any CPU = Release|Any CPU
	EndGlobalSection
	GlobalSection(ProjectConfigurationPlatforms) = postSolution
		{3DD921BC-99D4-496A-B508-265F39DF0156}.Debug|Any CPU.ActiveCfg = Debug|Any CPU
		{3DD921BC-99D4-496A-B508-265F39DF0156}.Debug|Any CPU.Build.0 = Debug|Any CPU
		{3DD921BC-99D4-496A-B508-265F39DF0156}.Release|Any CPU.ActiveCfg = Release|Any CPU
		{3DD921BC-99D4-496A-B508-265F39DF0156}.Release|Any CPU.Build.0 = Release|Any CPU
		{560DC2B8-2B58-4D9B-8798-DBA56E99A1ED}.Debug|Any CPU.ActiveCfg = Debug|Any CPU
		{560DC2B8-2B58-4D9B-8798-DBA56E99A1ED}.Debug|Any CPU.Build.0 = Debug|Any CPU
		{560DC2B8-2B58-4D9B-8798-DBA56E99A1ED}.Release|Any CPU.ActiveCfg = Release|Any CPU
		{560DC2B8-2B58-4D9B-8798-DBA56E99A1ED}.Release|Any CPU.Build.0 = Release|Any CPU
		{6F0D63B8-5BFC-4787-8857-451AF064C289}.Debug|Any CPU.ActiveCfg = Debug|Any CPU
		{6F0D63B8-5BFC-4787-8857-451AF064C289}.Debug|Any CPU.Build.0 = Debug|Any CPU
		{6F0D63B8-5BFC-4787-8857-451AF064C289}.Release|Any CPU.ActiveCfg = Release|Any CPU
		{6F0D63B8-5BFC-4787-8857-451AF064C289}.Release|Any CPU.Build.0 = Release|Any CPU
	EndGlobalSection
	GlobalSection(SolutionProperties) = preSolution
		HideSolutionNode = FALSE
	EndGlobalSection
	GlobalSection(ExtensibilityGlobals) = postSolution
		SolutionGuid = {5F103725-3A51-4E63-9607-B170866BF8E5}
	EndGlobalSection
EndGlobal
